
Microsoft Visual Studio Solution File, Format Version 12.00
# Visual Studio Version 16
VisualStudioVersion = 16.0.31624.102
MinimumVisualStudioVersion = 10.0.40219.1
Project("{8BC9CEB8-8B4A-11D0-8D11-00A0C91BC942}") = "lab 3.1", "lab 3.1.vcxproj", "{7F3BDBB1-A623-4E3A-89AA-89147CDD6B78}"
EndProject
Project("{8BC9CEB8-8B4A-11D0-8D11-00A0C91BC942}") = "UnitTest1", "..\UnitTest1\UnitTest1.vcxproj", "{E709255C-676F-40B2-928C-0EFE6225B599}"
EndProject
Global
	GlobalSection(SolutionConfigurationPlatforms) = preSolution
		Debug|x64 = Debug|x64
		Debug|x86 = Debug|x86
		Release|x64 = Release|x64
		Release|x86 = Release|x86
	EndGlobalSection
	GlobalSection(ProjectConfigurationPlatforms) = postSolution
		{7F3BDBB1-A623-4E3A-89AA-89147CDD6B78}.Debug|x64.ActiveCfg = Debug|x64
		{7F3BDBB1-A623-4E3A-89AA-89147CDD6B78}.Debug|x64.Build.0 = Debug|x64
		{7F3BDBB1-A623-4E3A-89AA-89147CDD6B78}.Debug|x86.ActiveCfg = Debug|Win32
		{7F3BDBB1-A623-4E3A-89AA-89147CDD6B78}.Debug|x86.Build.0 = Debug|Win32
		{7F3BDBB1-A623-4E3A-89AA-89147CDD6B78}.Release|x64.ActiveCfg = Release|x64
		{7F3BDBB1-A623-4E3A-89AA-89147CDD6B78}.Release|x64.Build.0 = Release|x64
		{7F3BDBB1-A623-4E3A-89AA-89147CDD6B78}.Release|x86.ActiveCfg = Release|Win32
		{7F3BDBB1-A623-4E3A-89AA-89147CDD6B78}.Release|x86.Build.0 = Release|Win32
		{E709255C-676F-40B2-928C-0EFE6225B599}.Debug|x64.ActiveCfg = Debug|x64
		{E709255C-676F-40B2-928C-0EFE6225B599}.Debug|x64.Build.0 = Debug|x64
		{E709255C-676F-40B2-928C-0EFE6225B599}.Debug|x86.ActiveCfg = Debug|Win32
		{E709255C-676F-40B2-928C-0EFE6225B599}.Debug|x86.Build.0 = Debug|Win32
		{E709255C-676F-40B2-928C-0EFE6225B599}.Release|x64.ActiveCfg = Release|x64
		{E709255C-676F-40B2-928C-0EFE6225B599}.Release|x64.Build.0 = Release|x64
		{E709255C-676F-40B2-928C-0EFE6225B599}.Release|x86.ActiveCfg = Release|Win32
		{E709255C-676F-40B2-928C-0EFE6225B599}.Release|x86.Build.0 = Release|Win32
	EndGlobalSection
	GlobalSection(SolutionProperties) = preSolution
		HideSolutionNode = FALSE
	EndGlobalSection
	GlobalSection(ExtensibilityGlobals) = postSolution
		SolutionGuid = {F4423473-9FAE-4385-BEF2-AA9FCF167A00}
	EndGlobalSection
EndGlobal
